
Microsoft Visual Studio Solution File, Format Version 12.00
# Visual Studio 15
VisualStudioVersion = 15.0.26403.7
MinimumVisualStudioVersion = 10.0.40219.1
Project("{E24C65DC-7377-472B-9ABA-BC803B73C61A}") = "csharp-webform-sample", ".", "{7A86907E-0818-423F-93EF-C0820B3C134C}"
	ProjectSection(WebsiteProperties) = preProject
		TargetFrameworkMoniker = ".NETFramework,Version%3Dv4.5"
		Debug.AspNetCompiler.VirtualPath = "/localhost_63645"
		Debug.AspNetCompiler.PhysicalPath = "..\csharp-webform-sample\"
		Debug.AspNetCompiler.TargetPath = "PrecompiledWeb\localhost_63645\"
		Debug.AspNetCompiler.Updateable = "true"
		Debug.AspNetCompiler.ForceOverwrite = "true"
		Debug.AspNetCompiler.FixedNames = "false"
		Debug.AspNetCompiler.Debug = "True"
		Release.AspNetCompiler.VirtualPath = "/localhost_63645"
		Release.AspNetCompiler.PhysicalPath = "..\csharp-webform-sample\"
		Release.AspNetCompiler.TargetPath = "PrecompiledWeb\localhost_63645\"
		Release.AspNetCompiler.Updateable = "true"
		Release.AspNetCompiler.ForceOverwrite = "true"
		Release.AspNetCompiler.FixedNames = "false"
		Release.AspNetCompiler.Debug = "False"
		VWDPort = "63645"
		SlnRelativePath = "..\csharp-webform-sample\"
	EndProjectSection
EndProject
Global
	GlobalSection(SolutionConfigurationPlatforms) = preSolution
		Debug|Any CPU = Debug|Any CPU
	EndGlobalSection
	GlobalSection(ProjectConfigurationPlatforms) = postSolution
		{7A86907E-0818-423F-93EF-C0820B3C134C}.Debug|Any CPU.ActiveCfg = Debug|Any CPU
		{7A86907E-0818-423F-93EF-C0820B3C134C}.Debug|Any CPU.Build.0 = Debug|Any CPU
	EndGlobalSection
	GlobalSection(SolutionProperties) = preSolution
		HideSolutionNode = FALSE
	EndGlobalSection
EndGlobal
